
Microsoft Visual Studio Solution File, Format Version 12.00
Project("{FAE04EC0-301F-11D3-BF4B-00C04F79EFBC}") = "AnekParser", "AnekParser\AnekParser.csproj", "{ACFB5488-5E74-4EB3-A046-ADEDA2E33261}"
EndProject
Global
	GlobalSection(SolutionConfigurationPlatforms) = preSolution
		Debug|Any CPU = Debug|Any CPU
		Release|Any CPU = Release|Any CPU
	EndGlobalSection
	GlobalSection(ProjectConfigurationPlatforms) = postSolution
		{ACFB5488-5E74-4EB3-A046-ADEDA2E33261}.Debug|Any CPU.ActiveCfg = Debug|Any CPU
		{ACFB5488-5E74-4EB3-A046-ADEDA2E33261}.Debug|Any CPU.Build.0 = Debug|Any CPU
		{ACFB5488-5E74-4EB3-A046-ADEDA2E33261}.Release|Any CPU.ActiveCfg = Release|Any CPU
		{ACFB5488-5E74-4EB3-A046-ADEDA2E33261}.Release|Any CPU.Build.0 = Release|Any CPU
	EndGlobalSection
EndGlobal
